
Microsoft Visual Studio Solution File, Format Version 12.00
# Visual Studio Version 17
VisualStudioVersion = 17.5.33530.505
MinimumVisualStudioVersion = 10.0.40219.1
Project("{FAE04EC0-301F-11D3-BF4B-00C04F79EFBC}") = "Social1", "Social1\Social1.csproj", "{8077FCCF-80A1-4012-B76E-1ECE76206C93}"
EndProject
Global
	GlobalSection(SolutionConfigurationPlatforms) = preSolution
		Debug|Any CPU = Debug|Any CPU
		Release|Any CPU = Release|Any CPU
	EndGlobalSection
	GlobalSection(ProjectConfigurationPlatforms) = postSolution
		{8077FCCF-80A1-4012-B76E-1ECE76206C93}.Debug|Any CPU.ActiveCfg = Debug|Any CPU
		{8077FCCF-80A1-4012-B76E-1ECE76206C93}.Debug|Any CPU.Build.0 = Debug|Any CPU
		{8077FCCF-80A1-4012-B76E-1ECE76206C93}.Release|Any CPU.ActiveCfg = Release|Any CPU
		{8077FCCF-80A1-4012-B76E-1ECE76206C93}.Release|Any CPU.Build.0 = Release|Any CPU
	EndGlobalSection
	GlobalSection(SolutionProperties) = preSolution
		HideSolutionNode = FALSE
	EndGlobalSection
	GlobalSection(ExtensibilityGlobals) = postSolution
		SolutionGuid = {35BB3601-3B84-4263-9809-9E0F708FF088}
	EndGlobalSection
EndGlobal
